
Microsoft Visual Studio Solution File, Format Version 12.00
# Visual Studio Version 17
VisualStudioVersion = 17.14.36310.24
MinimumVisualStudioVersion = 10.0.40219.1
Project("{FAE04EC0-301F-11D3-BF4B-00C04F79EFBC}") = "Celestia.API", "Celestia.API.csproj", "{0720C00B-10DA-4331-9760-4794E420AF57}"
EndProject
Project("{FAE04EC0-301F-11D3-BF4B-00C04F79EFBC}") = "Celestia.BLL", "..\Celestia.BLL\Celestia.BLL.csproj", "{CF54FCD6-5F70-4A61-B996-A6F93EADA9FF}"
EndProject
Project("{FAE04EC0-301F-11D3-BF4B-00C04F79EFBC}") = "Celestia.DataAcess", "..\Celestia.DataAcess\Celestia.DataAcess.csproj", "{79D1CA53-5AAC-4E54-8966-2B1C21410CA9}"
EndProject
Project("{FAE04EC0-301F-11D3-BF4B-00C04F79EFBC}") = "Celestia.Repository", "..\Celestia.Repository\Celestia.Repository.csproj", "{DDA4C628-5839-4A36-A069-8A8144E57A13}"
EndProject
Global
	GlobalSection(SolutionConfigurationPlatforms) = preSolution
		Debug|Any CPU = Debug|Any CPU
		Release|Any CPU = Release|Any CPU
	EndGlobalSection
	GlobalSection(ProjectConfigurationPlatforms) = postSolution
		{0720C00B-10DA-4331-9760-4794E420AF57}.Debug|Any CPU.ActiveCfg = Debug|Any CPU
		{0720C00B-10DA-4331-9760-4794E420AF57}.Debug|Any CPU.Build.0 = Debug|Any CPU
		{0720C00B-10DA-4331-9760-4794E420AF57}.Release|Any CPU.ActiveCfg = Release|Any CPU
		{0720C00B-10DA-4331-9760-4794E420AF57}.Release|Any CPU.Build.0 = Release|Any CPU
		{CF54FCD6-5F70-4A61-B996-A6F93EADA9FF}.Debug|Any CPU.ActiveCfg = Debug|Any CPU
		{CF54FCD6-5F70-4A61-B996-A6F93EADA9FF}.Debug|Any CPU.Build.0 = Debug|Any CPU
		{CF54FCD6-5F70-4A61-B996-A6F93EADA9FF}.Release|Any CPU.ActiveCfg = Release|Any CPU
		{CF54FCD6-5F70-4A61-B996-A6F93EADA9FF}.Release|Any CPU.Build.0 = Release|Any CPU
		{79D1CA53-5AAC-4E54-8966-2B1C21410CA9}.Debug|Any CPU.ActiveCfg = Debug|Any CPU
		{79D1CA53-5AAC-4E54-8966-2B1C21410CA9}.Debug|Any CPU.Build.0 = Debug|Any CPU
		{79D1CA53-5AAC-4E54-8966-2B1C21410CA9}.Release|Any CPU.ActiveCfg = Release|Any CPU
		{79D1CA53-5AAC-4E54-8966-2B1C21410CA9}.Release|Any CPU.Build.0 = Release|Any CPU
		{DDA4C628-5839-4A36-A069-8A8144E57A13}.Debug|Any CPU.ActiveCfg = Debug|Any CPU
		{DDA4C628-5839-4A36-A069-8A8144E57A13}.Debug|Any CPU.Build.0 = Debug|Any CPU
		{DDA4C628-5839-4A36-A069-8A8144E57A13}.Release|Any CPU.ActiveCfg = Release|Any CPU
		{DDA4C628-5839-4A36-A069-8A8144E57A13}.Release|Any CPU.Build.0 = Release|Any CPU
	EndGlobalSection
	GlobalSection(SolutionProperties) = preSolution
		HideSolutionNode = FALSE
	EndGlobalSection
	GlobalSection(ExtensibilityGlobals) = postSolution
		SolutionGuid = {D7606088-94D2-471A-B0E9-834C2D6F6256}
	EndGlobalSection
EndGlobal
